# This file is automatically @generated by Cargo.
# It is not intended for manual editing.
[[package]]
name = "adler32"
version = "1.0.3"
source = "registry+https://github.com/rust-lang/crates.io-index"

[[package]]
name = "ahash"
version = "0.2.12"
source = "registry+https://github.com/rust-lang/crates.io-index"
dependencies = [
 "const-random 0.1.6 (registry+https://github.com/rust-lang/crates.io-index)",
]

[[package]]
name = "async-trait"
version = "0.1.13"
source = "registry+https://github.com/rust-lang/crates.io-index"
dependencies = [
 "proc-macro2 1.0.3 (registry+https://github.com/rust-lang/crates.io-index)",
 "quote 1.0.2 (registry+https://github.com/rust-lang/crates.io-index)",
 "syn 1.0.5 (registry+https://github.com/rust-lang/crates.io-index)",
]

[[package]]
name = "autocfg"
version = "0.1.6"
source = "registry+https://github.com/rust-lang/crates.io-index"

[[package]]
name = "bitflags"
version = "1.1.0"
source = "registry+https://github.com/rust-lang/crates.io-index"

[[package]]
name = "byteorder"
version = "1.3.2"
source = "registry+https://github.com/rust-lang/crates.io-index"

[[package]]
name = "bytes"
version = "0.4.12"
source = "registry+https://github.com/rust-lang/crates.io-index"
dependencies = [
 "byteorder 1.3.2 (registry+https://github.com/rust-lang/crates.io-index)",
 "iovec 0.1.2 (registry+https://github.com/rust-lang/crates.io-index)",
 "serde 1.0.101 (registry+https://github.com/rust-lang/crates.io-index)",
]

[[package]]
name = "c2-chacha"
version = "0.2.2"
source = "registry+https://github.com/rust-lang/crates.io-index"
dependencies = [
 "ppv-lite86 0.2.5 (registry+https://github.com/rust-lang/crates.io-index)",
]

[[package]]
name = "cc"
version = "1.0.45"
source = "registry+https://github.com/rust-lang/crates.io-index"

[[package]]
name = "cfg-if"
version = "0.1.9"
source = "registry+https://github.com/rust-lang/crates.io-index"

[[package]]
name = "cloudabi"
version = "0.0.3"
source = "registry+https://github.com/rust-lang/crates.io-index"
dependencies = [
 "bitflags 1.1.0 (registry+https://github.com/rust-lang/crates.io-index)",
]

[[package]]
name = "const-random"
version = "0.1.6"
source = "registry+https://github.com/rust-lang/crates.io-index"
dependencies = [
 "const-random-macro 0.1.6 (registry+https://github.com/rust-lang/crates.io-index)",
 "proc-macro-hack 0.5.9 (registry+https://github.com/rust-lang/crates.io-index)",
]

[[package]]
name = "const-random-macro"
version = "0.1.6"
source = "registry+https://github.com/rust-lang/crates.io-index"
dependencies = [
 "proc-macro-hack 0.5.9 (registry+https://github.com/rust-lang/crates.io-index)",
 "rand 0.7.2 (registry+https://github.com/rust-lang/crates.io-index)",
]

[[package]]
name = "crc32fast"
version = "1.2.0"
source = "registry+https://github.com/rust-lang/crates.io-index"
dependencies = [
 "cfg-if 0.1.9 (registry+https://github.com/rust-lang/crates.io-index)",
]

[[package]]
name = "dashmap"
version = "1.0.4"
source = "registry+https://github.com/rust-lang/crates.io-index"
dependencies = [
 "ahash 0.2.12 (registry+https://github.com/rust-lang/crates.io-index)",
 "futures-preview 0.3.0-alpha.18 (registry+https://github.com/rust-lang/crates.io-index)",
 "hashbrown 0.6.0 (registry+https://github.com/rust-lang/crates.io-index)",
 "num_cpus 1.10.1 (registry+https://github.com/rust-lang/crates.io-index)",
 "owning_ref 0.4.0 (registry+https://github.com/rust-lang/crates.io-index)",
 "parking_lot 0.9.0 (registry+https://github.com/rust-lang/crates.io-index)",
 "slab 0.4.2 (registry+https://github.com/rust-lang/crates.io-index)",
 "stable_deref_trait 1.1.1 (registry+https://github.com/rust-lang/crates.io-index)",
]

[[package]]
name = "filetime"
version = "0.2.7"
source = "registry+https://github.com/rust-lang/crates.io-index"
dependencies = [
 "cfg-if 0.1.9 (registry+https://github.com/rust-lang/crates.io-index)",
 "libc 0.2.62 (registry+https://github.com/rust-lang/crates.io-index)",
 "redox_syscall 0.1.56 (registry+https://github.com/rust-lang/crates.io-index)",
 "winapi 0.3.8 (registry+https://github.com/rust-lang/crates.io-index)",
]

[[package]]
name = "futures-channel-preview"
version = "0.3.0-alpha.18"
source = "registry+https://github.com/rust-lang/crates.io-index"
dependencies = [
 "futures-core-preview 0.3.0-alpha.18 (registry+https://github.com/rust-lang/crates.io-index)",
 "futures-sink-preview 0.3.0-alpha.18 (registry+https://github.com/rust-lang/crates.io-index)",
]

[[package]]
name = "futures-core-preview"
version = "0.3.0-alpha.18"
source = "registry+https://github.com/rust-lang/crates.io-index"

[[package]]
name = "futures-executor-preview"
version = "0.3.0-alpha.18"
source = "registry+https://github.com/rust-lang/crates.io-index"
dependencies = [
 "futures-core-preview 0.3.0-alpha.18 (registry+https://github.com/rust-lang/crates.io-index)",
 "futures-util-preview 0.3.0-alpha.18 (registry+https://github.com/rust-lang/crates.io-index)",
 "num_cpus 1.10.1 (registry+https://github.com/rust-lang/crates.io-index)",
]

[[package]]
name = "futures-io-preview"
version = "0.3.0-alpha.18"
source = "registry+https://github.com/rust-lang/crates.io-index"

[[package]]
name = "futures-preview"
version = "0.3.0-alpha.18"
source = "registry+https://github.com/rust-lang/crates.io-index"
dependencies = [
 "futures-channel-preview 0.3.0-alpha.18 (registry+https://github.com/rust-lang/crates.io-index)",
 "futures-core-preview 0.3.0-alpha.18 (registry+https://github.com/rust-lang/crates.io-index)",
 "futures-executor-preview 0.3.0-alpha.18 (registry+https://github.com/rust-lang/crates.io-index)",
 "futures-io-preview 0.3.0-alpha.18 (registry+https://github.com/rust-lang/crates.io-index)",
 "futures-sink-preview 0.3.0-alpha.18 (registry+https://github.com/rust-lang/crates.io-index)",
 "futures-util-preview 0.3.0-alpha.18 (registry+https://github.com/rust-lang/crates.io-index)",
]

[[package]]
name = "futures-sink-preview"
version = "0.3.0-alpha.18"
source = "registry+https://github.com/rust-lang/crates.io-index"
dependencies = [
 "futures-core-preview 0.3.0-alpha.18 (registry+https://github.com/rust-lang/crates.io-index)",
]

[[package]]
name = "futures-util-preview"
version = "0.3.0-alpha.18"
source = "registry+https://github.com/rust-lang/crates.io-index"
dependencies = [
 "futures-channel-preview 0.3.0-alpha.18 (registry+https://github.com/rust-lang/crates.io-index)",
 "futures-core-preview 0.3.0-alpha.18 (registry+https://github.com/rust-lang/crates.io-index)",
 "futures-io-preview 0.3.0-alpha.18 (registry+https://github.com/rust-lang/crates.io-index)",
 "futures-sink-preview 0.3.0-alpha.18 (registry+https://github.com/rust-lang/crates.io-index)",
 "memchr 2.2.1 (registry+https://github.com/rust-lang/crates.io-index)",
 "pin-utils 0.1.0-alpha.4 (registry+https://github.com/rust-lang/crates.io-index)",
 "slab 0.4.2 (registry+https://github.com/rust-lang/crates.io-index)",
]

[[package]]
name = "getrandom"
version = "0.1.12"
source = "registry+https://github.com/rust-lang/crates.io-index"
dependencies = [
 "cfg-if 0.1.9 (registry+https://github.com/rust-lang/crates.io-index)",
 "libc 0.2.62 (registry+https://github.com/rust-lang/crates.io-index)",
 "wasi 0.7.0 (registry+https://github.com/rust-lang/crates.io-index)",
]

[[package]]
name = "half"
version = "1.3.0"
source = "registry+https://github.com/rust-lang/crates.io-index"

[[package]]
name = "hashbrown"
version = "0.6.0"
source = "registry+https://github.com/rust-lang/crates.io-index"
dependencies = [
 "ahash 0.2.12 (registry+https://github.com/rust-lang/crates.io-index)",
 "autocfg 0.1.6 (registry+https://github.com/rust-lang/crates.io-index)",
]

[[package]]
name = "ictp"
version = "0.1.0"
dependencies = [
 "async-trait 0.1.13 (registry+https://github.com/rust-lang/crates.io-index)",
 "bytes 0.4.12 (registry+https://github.com/rust-lang/crates.io-index)",
 "dashmap 1.0.4 (registry+https://github.com/rust-lang/crates.io-index)",
 "serde 1.0.101 (registry+https://github.com/rust-lang/crates.io-index)",
 "serde_cbor 0.10.1 (registry+https://github.com/rust-lang/crates.io-index)",
 "sodiumoxide 0.2.4 (registry+https://github.com/rust-lang/crates.io-index)",
]

[[package]]
name = "iovec"
version = "0.1.2"
source = "registry+https://github.com/rust-lang/crates.io-index"
dependencies = [
 "libc 0.2.62 (registry+https://github.com/rust-lang/crates.io-index)",
 "winapi 0.2.8 (registry+https://github.com/rust-lang/crates.io-index)",
]

[[package]]
name = "libc"
version = "0.2.62"
source = "registry+https://github.com/rust-lang/crates.io-index"

[[package]]
name = "libflate"
version = "0.1.27"
source = "registry+https://github.com/rust-lang/crates.io-index"
dependencies = [
 "adler32 1.0.3 (registry+https://github.com/rust-lang/crates.io-index)",
 "crc32fast 1.2.0 (registry+https://github.com/rust-lang/crates.io-index)",
 "rle-decode-fast 1.0.1 (registry+https://github.com/rust-lang/crates.io-index)",
 "take_mut 0.2.2 (registry+https://github.com/rust-lang/crates.io-index)",
]

[[package]]
name = "libsodium-sys"
version = "0.2.4"
source = "registry+https://github.com/rust-lang/crates.io-index"
dependencies = [
 "cc 1.0.45 (registry+https://github.com/rust-lang/crates.io-index)",
 "libc 0.2.62 (registry+https://github.com/rust-lang/crates.io-index)",
 "libflate 0.1.27 (registry+https://github.com/rust-lang/crates.io-index)",
 "pkg-config 0.3.16 (registry+https://github.com/rust-lang/crates.io-index)",
 "tar 0.4.26 (registry+https://github.com/rust-lang/crates.io-index)",
 "vcpkg 0.2.7 (registry+https://github.com/rust-lang/crates.io-index)",
]

[[package]]
name = "lock_api"
version = "0.3.1"
source = "registry+https://github.com/rust-lang/crates.io-index"
dependencies = [
 "owning_ref 0.4.0 (registry+https://github.com/rust-lang/crates.io-index)",
 "scopeguard 1.0.0 (registry+https://github.com/rust-lang/crates.io-index)",
]

[[package]]
name = "memchr"
version = "2.2.1"
source = "registry+https://github.com/rust-lang/crates.io-index"

[[package]]
name = "num_cpus"
version = "1.10.1"
source = "registry+https://github.com/rust-lang/crates.io-index"
dependencies = [
 "libc 0.2.62 (registry+https://github.com/rust-lang/crates.io-index)",
]

[[package]]
name = "owning_ref"
version = "0.4.0"
source = "registry+https://github.com/rust-lang/crates.io-index"
dependencies = [
 "stable_deref_trait 1.1.1 (registry+https://github.com/rust-lang/crates.io-index)",
]

[[package]]
name = "parking_lot"
version = "0.9.0"
source = "registry+https://github.com/rust-lang/crates.io-index"
dependencies = [
 "lock_api 0.3.1 (registry+https://github.com/rust-lang/crates.io-index)",
 "parking_lot_core 0.6.2 (registry+https://github.com/rust-lang/crates.io-index)",
 "rustc_version 0.2.3 (registry+https://github.com/rust-lang/crates.io-index)",
]

[[package]]
name = "parking_lot_core"
version = "0.6.2"
source = "registry+https://github.com/rust-lang/crates.io-index"
dependencies = [
 "cfg-if 0.1.9 (registry+https://github.com/rust-lang/crates.io-index)",
 "cloudabi 0.0.3 (registry+https://github.com/rust-lang/crates.io-index)",
 "libc 0.2.62 (registry+https://github.com/rust-lang/crates.io-index)",
 "redox_syscall 0.1.56 (registry+https://github.com/rust-lang/crates.io-index)",
 "rustc_version 0.2.3 (registry+https://github.com/rust-lang/crates.io-index)",
 "smallvec 0.6.10 (registry+https://github.com/rust-lang/crates.io-index)",
 "winapi 0.3.8 (registry+https://github.com/rust-lang/crates.io-index)",
]

[[package]]
name = "pin-utils"
version = "0.1.0-alpha.4"
source = "registry+https://github.com/rust-lang/crates.io-index"

[[package]]
name = "pkg-config"
version = "0.3.16"
source = "registry+https://github.com/rust-lang/crates.io-index"

[[package]]
name = "ppv-lite86"
version = "0.2.5"
source = "registry+https://github.com/rust-lang/crates.io-index"

[[package]]
name = "proc-macro-hack"
version = "0.5.9"
source = "registry+https://github.com/rust-lang/crates.io-index"
dependencies = [
 "proc-macro2 1.0.3 (registry+https://github.com/rust-lang/crates.io-index)",
 "quote 1.0.2 (registry+https://github.com/rust-lang/crates.io-index)",
 "syn 1.0.5 (registry+https://github.com/rust-lang/crates.io-index)",
]

[[package]]
name = "proc-macro2"
version = "1.0.3"
source = "registry+https://github.com/rust-lang/crates.io-index"
dependencies = [
 "unicode-xid 0.2.0 (registry+https://github.com/rust-lang/crates.io-index)",
]

[[package]]
name = "quote"
version = "1.0.2"
source = "registry+https://github.com/rust-lang/crates.io-index"
dependencies = [
 "proc-macro2 1.0.3 (registry+https://github.com/rust-lang/crates.io-index)",
]

[[package]]
name = "rand"
version = "0.7.2"
source = "registry+https://github.com/rust-lang/crates.io-index"
dependencies = [
 "getrandom 0.1.12 (registry+https://github.com/rust-lang/crates.io-index)",
 "libc 0.2.62 (registry+https://github.com/rust-lang/crates.io-index)",
 "rand_chacha 0.2.1 (registry+https://github.com/rust-lang/crates.io-index)",
 "rand_core 0.5.1 (registry+https://github.com/rust-lang/crates.io-index)",
 "rand_hc 0.2.0 (registry+https://github.com/rust-lang/crates.io-index)",
]

[[package]]
name = "rand_chacha"
version = "0.2.1"
source = "registry+https://github.com/rust-lang/crates.io-index"
dependencies = [
 "c2-chacha 0.2.2 (registry+https://github.com/rust-lang/crates.io-index)",
 "rand_core 0.5.1 (registry+https://github.com/rust-lang/crates.io-index)",
]

[[package]]
name = "rand_core"
version = "0.5.1"
source = "registry+https://github.com/rust-lang/crates.io-index"
dependencies = [
 "getrandom 0.1.12 (registry+https://github.com/rust-lang/crates.io-index)",
]

[[package]]
name = "rand_hc"
version = "0.2.0"
source = "registry+https://github.com/rust-lang/crates.io-index"
dependencies = [
 "rand_core 0.5.1 (registry+https://github.com/rust-lang/crates.io-index)",
]

[[package]]
name = "redox_syscall"
version = "0.1.56"
source = "registry+https://github.com/rust-lang/crates.io-index"

[[package]]
name = "rle-decode-fast"
version = "1.0.1"
source = "registry+https://github.com/rust-lang/crates.io-index"

[[package]]
name = "rustc_version"
version = "0.2.3"
source = "registry+https://github.com/rust-lang/crates.io-index"
dependencies = [
 "semver 0.9.0 (registry+https://github.com/rust-lang/crates.io-index)",
]

[[package]]
name = "scopeguard"
version = "1.0.0"
source = "registry+https://github.com/rust-lang/crates.io-index"

[[package]]
name = "semver"
version = "0.9.0"
source = "registry+https://github.com/rust-lang/crates.io-index"
dependencies = [
 "semver-parser 0.7.0 (registry+https://github.com/rust-lang/crates.io-index)",
]

[[package]]
name = "semver-parser"
version = "0.7.0"
source = "registry+https://github.com/rust-lang/crates.io-index"

[[package]]
name = "serde"
version = "1.0.101"
source = "registry+https://github.com/rust-lang/crates.io-index"
dependencies = [
 "serde_derive 1.0.101 (registry+https://github.com/rust-lang/crates.io-index)",
]

[[package]]
name = "serde_cbor"
version = "0.10.1"
source = "registry+https://github.com/rust-lang/crates.io-index"
dependencies = [
 "byteorder 1.3.2 (registry+https://github.com/rust-lang/crates.io-index)",
 "half 1.3.0 (registry+https://github.com/rust-lang/crates.io-index)",
 "serde 1.0.101 (registry+https://github.com/rust-lang/crates.io-index)",
]

[[package]]
name = "serde_derive"
version = "1.0.101"
source = "registry+https://github.com/rust-lang/crates.io-index"
dependencies = [
 "proc-macro2 1.0.3 (registry+https://github.com/rust-lang/crates.io-index)",
 "quote 1.0.2 (registry+https://github.com/rust-lang/crates.io-index)",
 "syn 1.0.5 (registry+https://github.com/rust-lang/crates.io-index)",
]

[[package]]
name = "slab"
version = "0.4.2"
source = "registry+https://github.com/rust-lang/crates.io-index"

[[package]]
name = "smallvec"
version = "0.6.10"
source = "registry+https://github.com/rust-lang/crates.io-index"

[[package]]
name = "sodiumoxide"
version = "0.2.4"
source = "registry+https://github.com/rust-lang/crates.io-index"
dependencies = [
 "libc 0.2.62 (registry+https://github.com/rust-lang/crates.io-index)",
 "libsodium-sys 0.2.4 (registry+https://github.com/rust-lang/crates.io-index)",
 "serde 1.0.101 (registry+https://github.com/rust-lang/crates.io-index)",
]

[[package]]
name = "stable_deref_trait"
version = "1.1.1"
source = "registry+https://github.com/rust-lang/crates.io-index"

[[package]]
name = "syn"
version = "1.0.5"
source = "registry+https://github.com/rust-lang/crates.io-index"
dependencies = [
 "proc-macro2 1.0.3 (registry+https://github.com/rust-lang/crates.io-index)",
 "quote 1.0.2 (registry+https://github.com/rust-lang/crates.io-index)",
 "unicode-xid 0.2.0 (registry+https://github.com/rust-lang/crates.io-index)",
]

[[package]]
name = "take_mut"
version = "0.2.2"
source = "registry+https://github.com/rust-lang/crates.io-index"

[[package]]
name = "tar"
version = "0.4.26"
source = "registry+https://github.com/rust-lang/crates.io-index"
dependencies = [
 "filetime 0.2.7 (registry+https://github.com/rust-lang/crates.io-index)",
 "libc 0.2.62 (registry+https://github.com/rust-lang/crates.io-index)",
 "redox_syscall 0.1.56 (registry+https://github.com/rust-lang/crates.io-index)",
 "xattr 0.2.2 (registry+https://github.com/rust-lang/crates.io-index)",
]

[[package]]
name = "unicode-xid"
version = "0.2.0"
source = "registry+https://github.com/rust-lang/crates.io-index"

[[package]]
name = "vcpkg"
version = "0.2.7"
source = "registry+https://github.com/rust-lang/crates.io-index"

[[package]]
name = "wasi"
version = "0.7.0"
source = "registry+https://github.com/rust-lang/crates.io-index"

[[package]]
name = "winapi"
version = "0.2.8"
source = "registry+https://github.com/rust-lang/crates.io-index"

[[package]]
name = "winapi"
version = "0.3.8"
source = "registry+https://github.com/rust-lang/crates.io-index"
dependencies = [
 "winapi-i686-pc-windows-gnu 0.4.0 (registry+https://github.com/rust-lang/crates.io-index)",
 "winapi-x86_64-pc-windows-gnu 0.4.0 (registry+https://github.com/rust-lang/crates.io-index)",
]

[[package]]
name = "winapi-i686-pc-windows-gnu"
version = "0.4.0"
source = "registry+https://github.com/rust-lang/crates.io-index"

[[package]]
name = "winapi-x86_64-pc-windows-gnu"
version = "0.4.0"
source = "registry+https://github.com/rust-lang/crates.io-index"

[[package]]
name = "xattr"
version = "0.2.2"
source = "registry+https://github.com/rust-lang/crates.io-index"
dependencies = [
 "libc 0.2.62 (registry+https://github.com/rust-lang/crates.io-index)",
]

[metadata]
"checksum adler32 1.0.3 (registry+https://github.com/rust-lang/crates.io-index)" = "7e522997b529f05601e05166c07ed17789691f562762c7f3b987263d2dedee5c"
"checksum ahash 0.2.12 (registry+https://github.com/rust-lang/crates.io-index)" = "e96e12a0287c75063711e04484e9b140d4a59ec074d3fe5f0b1cc90e0e992665"
"checksum async-trait 0.1.13 (registry+https://github.com/rust-lang/crates.io-index)" = "6f1418cdc602e31e3ffeea57d8481b8c5db895e733028c2552a06d5cf36beb91"
"checksum autocfg 0.1.6 (registry+https://github.com/rust-lang/crates.io-index)" = "b671c8fb71b457dd4ae18c4ba1e59aa81793daacc361d82fcd410cef0d491875"
"checksum bitflags 1.1.0 (registry+https://github.com/rust-lang/crates.io-index)" = "3d155346769a6855b86399e9bc3814ab343cd3d62c7e985113d46a0ec3c281fd"
"checksum byteorder 1.3.2 (registry+https://github.com/rust-lang/crates.io-index)" = "a7c3dd8985a7111efc5c80b44e23ecdd8c007de8ade3b96595387e812b957cf5"
"checksum bytes 0.4.12 (registry+https://github.com/rust-lang/crates.io-index)" = "206fdffcfa2df7cbe15601ef46c813fce0965eb3286db6b56c583b814b51c81c"
"checksum c2-chacha 0.2.2 (registry+https://github.com/rust-lang/crates.io-index)" = "7d64d04786e0f528460fc884753cf8dddcc466be308f6026f8e355c41a0e4101"
"checksum cc 1.0.45 (registry+https://github.com/rust-lang/crates.io-index)" = "4fc9a35e1f4290eb9e5fc54ba6cf40671ed2a2514c3eeb2b2a908dda2ea5a1be"
"checksum cfg-if 0.1.9 (registry+https://github.com/rust-lang/crates.io-index)" = "b486ce3ccf7ffd79fdeb678eac06a9e6c09fc88d33836340becb8fffe87c5e33"
"checksum cloudabi 0.0.3 (registry+https://github.com/rust-lang/crates.io-index)" = "ddfc5b9aa5d4507acaf872de71051dfd0e309860e88966e1051e462a077aac4f"
"checksum const-random 0.1.6 (registry+https://github.com/rust-lang/crates.io-index)" = "7b641a8c9867e341f3295564203b1c250eb8ce6cb6126e007941f78c4d2ed7fe"
"checksum const-random-macro 0.1.6 (registry+https://github.com/rust-lang/crates.io-index)" = "c750ec12b83377637110d5a57f5ae08e895b06c4b16e2bdbf1a94ef717428c59"
"checksum crc32fast 1.2.0 (registry+https://github.com/rust-lang/crates.io-index)" = "ba125de2af0df55319f41944744ad91c71113bf74a4646efff39afe1f6842db1"
"checksum dashmap 1.0.4 (registry+https://github.com/rust-lang/crates.io-index)" = "59edb85c4f14a603c1358cc87bf7ec990e0d521f6f679bd2a9fc14df6785af60"
"checksum filetime 0.2.7 (registry+https://github.com/rust-lang/crates.io-index)" = "6bd7380b54ced79dda72ecc35cc4fbbd1da6bba54afaa37e96fd1c2a308cd469"
"checksum futures-channel-preview 0.3.0-alpha.18 (registry+https://github.com/rust-lang/crates.io-index)" = "f477fd0292c4a4ae77044454e7f2b413207942ad405f759bb0b4698b7ace5b12"
"checksum futures-core-preview 0.3.0-alpha.18 (registry+https://github.com/rust-lang/crates.io-index)" = "4a2f26f774b81b3847dcda0c81bd4b6313acfb4f69e5a0390c7cb12c058953e9"
"checksum futures-executor-preview 0.3.0-alpha.18 (registry+https://github.com/rust-lang/crates.io-index)" = "80705612926df8a1bc05f0057e77460e29318801f988bf7d803a734cf54e7528"
"checksum futures-io-preview 0.3.0-alpha.18 (registry+https://github.com/rust-lang/crates.io-index)" = "ee7de0c1c9ed23f9457b0437fec7663ce64d9cc3c906597e714e529377b5ddd1"
"checksum futures-preview 0.3.0-alpha.18 (registry+https://github.com/rust-lang/crates.io-index)" = "efa8f90c4fb2328e381f8adfd4255b4a2b696f77d1c63a3dee6700b564c4e4b5"
"checksum futures-sink-preview 0.3.0-alpha.18 (registry+https://github.com/rust-lang/crates.io-index)" = "e9b65a2481863d1b78e094a07e9c0eed458cc7dc6e72b22b7138b8a67d924859"
"checksum futures-util-preview 0.3.0-alpha.18 (registry+https://github.com/rust-lang/crates.io-index)" = "7df53daff1e98cc024bf2720f3ceb0414d96fbb0a94f3cad3a5c3bf3be1d261c"
"checksum getrandom 0.1.12 (registry+https://github.com/rust-lang/crates.io-index)" = "473a1265acc8ff1e808cd0a1af8cee3c2ee5200916058a2ca113c29f2d903571"
"checksum half 1.3.0 (registry+https://github.com/rust-lang/crates.io-index)" = "9353c2a89d550b58fa0061d8ed8d002a7d8cdf2494eb0e432859bd3a9e543836"
"checksum hashbrown 0.6.0 (registry+https://github.com/rust-lang/crates.io-index)" = "2bcea5b597dd98e6d1f1ec171744cc5dee1a30d1c23c5b98e3cf9d4fbdf8a526"
"checksum iovec 0.1.2 (registry+https://github.com/rust-lang/crates.io-index)" = "dbe6e417e7d0975db6512b90796e8ce223145ac4e33c377e4a42882a0e88bb08"
"checksum libc 0.2.62 (registry+https://github.com/rust-lang/crates.io-index)" = "34fcd2c08d2f832f376f4173a231990fa5aef4e99fb569867318a227ef4c06ba"
"checksum libflate 0.1.27 (registry+https://github.com/rust-lang/crates.io-index)" = "d9135df43b1f5d0e333385cb6e7897ecd1a43d7d11b91ac003f4d2c2d2401fdd"
"checksum libsodium-sys 0.2.4 (registry+https://github.com/rust-lang/crates.io-index)" = "adecedd56966d117ef65b2d03aab14f1b56da9c8054a8e09bee5201c9937867e"
"checksum lock_api 0.3.1 (registry+https://github.com/rust-lang/crates.io-index)" = "f8912e782533a93a167888781b836336a6ca5da6175c05944c86cf28c31104dc"
"checksum memchr 2.2.1 (registry+https://github.com/rust-lang/crates.io-index)" = "88579771288728879b57485cc7d6b07d648c9f0141eb955f8ab7f9d45394468e"
"checksum num_cpus 1.10.1 (registry+https://github.com/rust-lang/crates.io-index)" = "bcef43580c035376c0705c42792c294b66974abbfd2789b511784023f71f3273"
"checksum owning_ref 0.4.0 (registry+https://github.com/rust-lang/crates.io-index)" = "49a4b8ea2179e6a2e27411d3bca09ca6dd630821cf6894c6c7c8467a8ee7ef13"
"checksum parking_lot 0.9.0 (registry+https://github.com/rust-lang/crates.io-index)" = "f842b1982eb6c2fe34036a4fbfb06dd185a3f5c8edfaacdf7d1ea10b07de6252"
"checksum parking_lot_core 0.6.2 (registry+https://github.com/rust-lang/crates.io-index)" = "b876b1b9e7ac6e1a74a6da34d25c42e17e8862aa409cbbbdcfc8d86c6f3bc62b"
"checksum pin-utils 0.1.0-alpha.4 (registry+https://github.com/rust-lang/crates.io-index)" = "5894c618ce612a3fa23881b152b608bafb8c56cfc22f434a3ba3120b40f7b587"
"checksum pkg-config 0.3.16 (registry+https://github.com/rust-lang/crates.io-index)" = "72d5370d90f49f70bd033c3d75e87fc529fbfff9d6f7cccef07d6170079d91ea"
"checksum ppv-lite86 0.2.5 (registry+https://github.com/rust-lang/crates.io-index)" = "e3cbf9f658cdb5000fcf6f362b8ea2ba154b9f146a61c7a20d647034c6b6561b"
"checksum proc-macro-hack 0.5.9 (registry+https://github.com/rust-lang/crates.io-index)" = "e688f31d92ffd7c1ddc57a1b4e6d773c0f2a14ee437a4b0a4f5a69c80eb221c8"
"checksum proc-macro2 1.0.3 (registry+https://github.com/rust-lang/crates.io-index)" = "e98a83a9f9b331f54b924e68a66acb1bb35cb01fb0a23645139967abefb697e8"
"checksum quote 1.0.2 (registry+https://github.com/rust-lang/crates.io-index)" = "053a8c8bcc71fcce321828dc897a98ab9760bef03a4fc36693c231e5b3216cfe"
"checksum rand 0.7.2 (registry+https://github.com/rust-lang/crates.io-index)" = "3ae1b169243eaf61759b8475a998f0a385e42042370f3a7dbaf35246eacc8412"
"checksum rand_chacha 0.2.1 (registry+https://github.com/rust-lang/crates.io-index)" = "03a2a90da8c7523f554344f921aa97283eadf6ac484a6d2a7d0212fa7f8d6853"
"checksum rand_core 0.5.1 (registry+https://github.com/rust-lang/crates.io-index)" = "90bde5296fc891b0cef12a6d03ddccc162ce7b2aff54160af9338f8d40df6d19"
"checksum rand_hc 0.2.0 (registry+https://github.com/rust-lang/crates.io-index)" = "ca3129af7b92a17112d59ad498c6f81eaf463253766b90396d39ea7a39d6613c"
"checksum redox_syscall 0.1.56 (registry+https://github.com/rust-lang/crates.io-index)" = "2439c63f3f6139d1b57529d16bc3b8bb855230c8efcc5d3a896c8bea7c3b1e84"
"checksum rle-decode-fast 1.0.1 (registry+https://github.com/rust-lang/crates.io-index)" = "cabe4fa914dec5870285fa7f71f602645da47c486e68486d2b4ceb4a343e90ac"
"checksum rustc_version 0.2.3 (registry+https://github.com/rust-lang/crates.io-index)" = "138e3e0acb6c9fb258b19b67cb8abd63c00679d2851805ea151465464fe9030a"
"checksum scopeguard 1.0.0 (registry+https://github.com/rust-lang/crates.io-index)" = "b42e15e59b18a828bbf5c58ea01debb36b9b096346de35d941dcb89009f24a0d"
"checksum semver 0.9.0 (registry+https://github.com/rust-lang/crates.io-index)" = "1d7eb9ef2c18661902cc47e535f9bc51b78acd254da71d375c2f6720d9a40403"
"checksum semver-parser 0.7.0 (registry+https://github.com/rust-lang/crates.io-index)" = "388a1df253eca08550bef6c72392cfe7c30914bf41df5269b68cbd6ff8f570a3"
"checksum serde 1.0.101 (registry+https://github.com/rust-lang/crates.io-index)" = "9796c9b7ba2ffe7a9ce53c2287dfc48080f4b2b362fcc245a259b3a7201119dd"
"checksum serde_cbor 0.10.1 (registry+https://github.com/rust-lang/crates.io-index)" = "318690c4f04ae6553665f3846c0614c9995bb1ea51a2f1c5c4b4ed338c248b49"
"checksum serde_derive 1.0.101 (registry+https://github.com/rust-lang/crates.io-index)" = "4b133a43a1ecd55d4086bd5b4dc6c1751c68b1bfbeba7a5040442022c7e7c02e"
"checksum slab 0.4.2 (registry+https://github.com/rust-lang/crates.io-index)" = "c111b5bd5695e56cffe5129854aa230b39c93a305372fdbb2668ca2394eea9f8"
"checksum smallvec 0.6.10 (registry+https://github.com/rust-lang/crates.io-index)" = "ab606a9c5e214920bb66c458cd7be8ef094f813f20fe77a54cc7dbfff220d4b7"
"checksum sodiumoxide 0.2.4 (registry+https://github.com/rust-lang/crates.io-index)" = "1c99301d6d59f205d2abc4f0bd168edb5cd8a42bdbe99539773a21360d2a8ff7"
"checksum stable_deref_trait 1.1.1 (registry+https://github.com/rust-lang/crates.io-index)" = "dba1a27d3efae4351c8051072d619e3ade2820635c3958d826bfea39d59b54c8"
"checksum syn 1.0.5 (registry+https://github.com/rust-lang/crates.io-index)" = "66850e97125af79138385e9b88339cbcd037e3f28ceab8c5ad98e64f0f1f80bf"
"checksum take_mut 0.2.2 (registry+https://github.com/rust-lang/crates.io-index)" = "f764005d11ee5f36500a149ace24e00e3da98b0158b3e2d53a7495660d3f4d60"
"checksum tar 0.4.26 (registry+https://github.com/rust-lang/crates.io-index)" = "b3196bfbffbba3e57481b6ea32249fbaf590396a52505a2615adbb79d9d826d3"
"checksum unicode-xid 0.2.0 (registry+https://github.com/rust-lang/crates.io-index)" = "826e7639553986605ec5979c7dd957c7895e93eabed50ab2ffa7f6128a75097c"
"checksum vcpkg 0.2.7 (registry+https://github.com/rust-lang/crates.io-index)" = "33dd455d0f96e90a75803cfeb7f948768c08d70a6de9a8d2362461935698bf95"
"checksum wasi 0.7.0 (registry+https://github.com/rust-lang/crates.io-index)" = "b89c3ce4ce14bdc6fb6beaf9ec7928ca331de5df7e5ea278375642a2f478570d"
"checksum winapi 0.2.8 (registry+https://github.com/rust-lang/crates.io-index)" = "167dc9d6949a9b857f3451275e911c3f44255842c1f7a76f33c55103a909087a"
"checksum winapi 0.3.8 (registry+https://github.com/rust-lang/crates.io-index)" = "8093091eeb260906a183e6ae1abdba2ef5ef2257a21801128899c3fc699229c6"
"checksum winapi-i686-pc-windows-gnu 0.4.0 (registry+https://github.com/rust-lang/crates.io-index)" = "ac3b87c63620426dd9b991e5ce0329eff545bccbbb34f3be09ff6fb6ab51b7b6"
"checksum winapi-x86_64-pc-windows-gnu 0.4.0 (registry+https://github.com/rust-lang/crates.io-index)" = "712e227841d057c1ee1cd2fb22fa7e5a5461ae8e48fa2ca79ec42cfc1931183f"
"checksum xattr 0.2.2 (registry+https://github.com/rust-lang/crates.io-index)" = "244c3741f4240ef46274860397c7c74e50eb23624996930e484c16679633a54c"
